<?xml version="1.0" encoding="UTF-8" standalone="yes" ?>
<CodeBlocks_project_file>
	<FileVersion major="1" minor="6" />
	<Project>
		<Option title="backup_enterprise" />
		<Option pch_mode="2" />
		<Option compiler="gcc" />
		<Option virtualFolders="Tests/;" />
		<Build>
			<Target title="win64-client-debug">
				<Option platforms="Windows;" />
				<Option output="bin/Debug/win64/client/backup_client" prefix_auto="1" extension_auto="1" />
				<Option type="1" />
				<Option compiler="gcc" />
				<Compiler>
					<Add option="-g" />
					<Add directory="client" />
				</Compiler>
				<Linker>
					<Add option="-lboost_system-mgw72-mt-1_65_1" />
					<Add option="-lboost_filesystem-mgw72-mt-1_65_1" />
					<Add option="-lboost_date_time-mgw72-mt-1_65_1" />
					<Add option="-lboost_thread-mgw72-mt-1_65_1" />
					<Add option="-lboost_log-mgw72-mt-1_65_1" />
					<Add option="-lboost_log_setup-mgw72-mt-1_65_1" />
					<Add option="-larchive.dll" />
					<Add option="-lsqlite3_dll" />
					<Add option="-lcryptopp" />
					<Add option="-lz.dll" />
					<Add option="-lws2_32" />
					<Add option="-lwsock32" />
				</Linker>
			</Target>
			<Target title="win64-client">
				<Option platforms="Windows;" />
				<Option output="bin/win64/client/backup_client" prefix_auto="1" extension_auto="1" />
				<Option working_dir="run" />
				<Option type="1" />
				<Option compiler="gcc" />
				<Compiler>
					<Add option="-O2" />
					<Add directory="client" />
				</Compiler>
				<Linker>
					<Add option="-s" />
					<Add option="-lssl" />
					<Add option="-lcrypto" />
					<Add option="-lboost_system-mgw72-mt-1_65_1" />
					<Add option="-lboost_filesystem-mgw72-mt-1_65_1" />
					<Add option="-lboost_date_time-mgw72-mt-1_65_1" />
					<Add option="-lboost_thread-mgw72-mt-1_65_1" />
					<Add option="-lboost_log-mgw72-mt-1_65_1" />
					<Add option="-lboost_log_setup-mgw72-mt-1_65_1" />
					<Add option="-larchive.dll" />
					<Add option="-lsqlite3_dll" />
					<Add option="-lcryptopp" />
					<Add option="-lz.dll" />
					<Add option="-lws2_32" />
					<Add option="-lwsock32" />
				</Linker>
			</Target>
			<Target title="win64-compress_test">
				<Option platforms="Windows;" />
				<Option output="bin/tests/win64/compression/compress_test" prefix_auto="1" extension_auto="1" />
				<Option working_dir="run" />
				<Option type="1" />
				<Option compiler="gcc" />
				<Linker>
					<Add option="-lboost_system-mgw72-mt-1_65_1" />
					<Add option="-lboost_filesystem-mgw72-mt-1_65_1" />
					<Add option="-lboost_date_time-mgw72-mt-1_65_1" />
					<Add option="-lboost_thread-mgw72-mt-1_65_1" />
					<Add option="-lboost_log-mgw72-mt-1_65_1" />
					<Add option="-lboost_log_setup-mgw72-mt-1_65_1" />
					<Add option="-larchive.dll" />
					<Add option="-lsqlite3_dll" />
					<Add option="-lcryptopp" />
					<Add option="-lz.dll" />
					<Add option="-lws2_32" />
					<Add option="-lwsock32" />
				</Linker>
			</Target>
			<Target title="win64-tarball_test">
				<Option platforms="Windows;" />
				<Option output="bin/tests/win64/tarball/tarball_test" prefix_auto="1" extension_auto="1" />
				<Option working_dir="run" />
				<Option type="1" />
				<Option compiler="gcc" />
				<Linker>
					<Add option="-lboost_system-mgw72-mt-1_65_1" />
					<Add option="-lboost_filesystem-mgw72-mt-1_65_1" />
					<Add option="-lboost_date_time-mgw72-mt-1_65_1" />
					<Add option="-lboost_thread-mgw72-mt-1_65_1" />
					<Add option="-lboost_log-mgw72-mt-1_65_1" />
					<Add option="-lboost_log_setup-mgw72-mt-1_65_1" />
					<Add option="-larchive.dll" />
					<Add option="-lsqlite3_dll" />
					<Add option="-lcryptopp" />
					<Add option="-lz.dll" />
					<Add option="-lws2_32" />
					<Add option="-lwsock32" />
				</Linker>
			</Target>
			<Target title="win64-db_test">
				<Option platforms="Windows;" />
				<Option output="bin/tests/win64/db/db_test" prefix_auto="1" extension_auto="1" />
				<Option working_dir="run" />
				<Option type="1" />
				<Option compiler="gcc" />
				<Linker>
					<Add option="-lboost_system-mgw72-mt-1_65_1" />
					<Add option="-lboost_filesystem-mgw72-mt-1_65_1" />
					<Add option="-lboost_date_time-mgw72-mt-1_65_1" />
					<Add option="-lboost_thread-mgw72-mt-1_65_1" />
					<Add option="-lboost_log-mgw72-mt-1_65_1" />
					<Add option="-lboost_log_setup-mgw72-mt-1_65_1" />
					<Add option="-larchive.dll" />
					<Add option="-lsqlite3_dll" />
					<Add option="-lcryptopp" />
					<Add option="-lz.dll" />
					<Add option="-lws2_32" />
					<Add option="-lwsock32" />
				</Linker>
			</Target>
			<Target title="win64-file_test">
				<Option platforms="Windows;" />
				<Option output="bin/tests/win64/file_iterator/file_test" prefix_auto="1" extension_auto="1" />
				<Option working_dir="run" />
				<Option type="1" />
				<Option compiler="gcc" />
				<Linker>
					<Add option="-lboost_system-mgw72-mt-1_65_1" />
					<Add option="-lboost_filesystem-mgw72-mt-1_65_1" />
					<Add option="-lboost_date_time-mgw72-mt-1_65_1" />
					<Add option="-lboost_thread-mgw72-mt-1_65_1" />
					<Add option="-lboost_log-mgw72-mt-1_65_1" />
					<Add option="-lboost_log_setup-mgw72-mt-1_65_1" />
					<Add option="-larchive.dll" />
					<Add option="-lsqlite3_dll" />
					<Add option="-lcryptopp" />
					<Add option="-lz.dll" />
					<Add option="-lws2_32" />
					<Add option="-lwsock32" />
				</Linker>
			</Target>
			<Target title="win64-server">
				<Option platforms="Windows;" />
				<Option output="bin/win64/server/backup_server" prefix_auto="1" extension_auto="1" />
				<Option working_dir="run" />
				<Option type="1" />
				<Option compiler="gcc" />
				<Linker>
					<Add option="-lboost_system-mgw72-mt-1_65_1" />
					<Add option="-lboost_filesystem-mgw72-mt-1_65_1" />
					<Add option="-lboost_date_time-mgw72-mt-1_65_1" />
					<Add option="-lboost_thread-mgw72-mt-1_65_1" />
					<Add option="-lboost_log-mgw72-mt-1_65_1" />
					<Add option="-lboost_log_setup-mgw72-mt-1_65_1" />
					<Add option="-larchive.dll" />
					<Add option="-lsqlite3_dll" />
					<Add option="-lcryptopp" />
					<Add option="-lz.dll" />
					<Add option="-lws2_32" />
					<Add option="-lwsock32" />
				</Linker>
			</Target>
			<Target title="win64-client_test">
				<Option platforms="Windows;" />
				<Option output="bin/tests/win64/client/client_test" prefix_auto="1" extension_auto="1" />
				<Option working_dir="run" />
				<Option type="1" />
				<Option compiler="gcc" />
				<Compiler>
					<Add directory="client" />
				</Compiler>
				<Linker>
					<Add option="-lssl" />
					<Add option="-lcrypto" />
					<Add option="-lboost_system-mgw72-mt-1_65_1" />
					<Add option="-lboost_filesystem-mgw72-mt-1_65_1" />
					<Add option="-lboost_date_time-mgw72-mt-1_65_1" />
					<Add option="-lboost_thread-mgw72-mt-1_65_1" />
					<Add option="-lboost_log-mgw72-mt-1_65_1" />
					<Add option="-lboost_log_setup-mgw72-mt-1_65_1" />
					<Add option="-larchive.dll" />
					<Add option="-lsqlite3_dll" />
					<Add option="-lcryptopp" />
					<Add option="-lz.dll" />
					<Add option="-lws2_32" />
					<Add option="-lwsock32" />
				</Linker>
			</Target>
			<Target title="win64-upload_test">
				<Option platforms="Windows;" />
				<Option output="bin/tests/win64/client/upload_test" prefix_auto="1" extension_auto="1" />
				<Option working_dir="run" />
				<Option type="1" />
				<Option compiler="gcc" />
				<Compiler>
					<Add directory="client" />
				</Compiler>
				<Linker>
					<Add option="-lssl" />
					<Add option="-lcrypto" />
					<Add option="-lboost_system-mgw72-mt-1_65_1" />
					<Add option="-lboost_filesystem-mgw72-mt-1_65_1" />
					<Add option="-lboost_date_time-mgw72-mt-1_65_1" />
					<Add option="-lboost_thread-mgw72-mt-1_65_1" />
					<Add option="-lboost_log-mgw72-mt-1_65_1" />
					<Add option="-lboost_log_setup-mgw72-mt-1_65_1" />
					<Add option="-larchive.dll" />
					<Add option="-lsqlite3_dll" />
					<Add option="-lcryptopp" />
					<Add option="-lz.dll" />
					<Add option="-lws2_32" />
					<Add option="-lwsock32" />
				</Linker>
			</Target>
			<Target title="linux-server">
				<Option platforms="Unix;" />
				<Option output="bin/linux/server/backup_server" prefix_auto="1" extension_auto="1" />
				<Option working_dir="run" />
				<Option type="1" />
				<Option compiler="gcc" />
				<Linker>
					<Add option="-lboost_system" />
					<Add option="-lboost_filesystem" />
					<Add option="-lboost_date_time" />
					<Add option="-lboost_thread" />
					<Add option="-lboost_log" />
					<Add option="-lboost_log_setup" />
					<Add option="-larchive" />
					<Add option="-lsqlite3" />
					<Add option="-lcryptopp" />
					<Add option="-lz" />
				</Linker>
			</Target>
			<Target title="linux-client_test">
				<Option platforms="Unix;" />
				<Option output="bin/tests/linux/client/client_test" prefix_auto="1" extension_auto="1" />
				<Option working_dir="run" />
				<Option type="1" />
				<Option compiler="gcc" />
				<Linker>
					<Add option="-lssl" />
					<Add option="-lcrypto" />
					<Add option="-ldl" />
					<Add option="-lboost_system" />
					<Add option="-lboost_filesystem" />
					<Add option="-lboost_date_time" />
					<Add option="-lboost_timer" />
					<Add option="-lboost_thread" />
					<Add option="-lboost_log" />
					<Add option="-lboost_log_setup" />
					<Add option="-larchive" />
					<Add option="-lsqlite3" />
					<Add option="-lcryptopp" />
					<Add option="-lz" />
					<Add option="-lpthread" />
				</Linker>
			</Target>
			<Target title="linux-client">
				<Option platforms="Unix;" />
				<Option output="bin/linux/client/backup_client" prefix_auto="1" extension_auto="1" />
				<Option working_dir="run" />
				<Option type="1" />
				<Option compiler="gcc" />
				<Linker>
					<Add option="-lssl" />
					<Add option="-lcrypto" />
					<Add option="-ldl" />
					<Add option="-lboost_system" />
					<Add option="-lboost_filesystem" />
					<Add option="-lboost_date_time" />
					<Add option="-lboost_thread" />
					<Add option="-lboost_log" />
					<Add option="-lboost_log_setup" />
					<Add option="-larchive" />
					<Add option="-lsqlite3" />
					<Add option="-lcryptopp" />
					<Add option="-lz" />
					<Add option="-lpthread" />
				</Linker>
			</Target>
			<Target title="linux-upload_test">
				<Option platforms="Unix;" />
				<Option output="bin/tests/linux/client/upload_test" prefix_auto="1" extension_auto="1" />
				<Option working_dir="run" />
				<Option type="1" />
				<Option compiler="gcc" />
				<Linker>
					<Add option="-lssl" />
					<Add option="-lcrypto" />
					<Add option="-ldl" />
					<Add option="-lboost_system" />
					<Add option="-lboost_filesystem" />
					<Add option="-lboost_date_time" />
					<Add option="-lboost_timer" />
					<Add option="-lboost_thread" />
					<Add option="-lboost_log" />
					<Add option="-lboost_log_setup" />
					<Add option="-larchive" />
					<Add option="-lsqlite3" />
					<Add option="-lcryptopp" />
					<Add option="-lz" />
					<Add option="-lpthread" />
				</Linker>
			</Target>
			<Target title="linux-awsS3_test">
				<Option platforms="Unix;" />
				<Option output="bin/tests/linux/client/awsS3_test" prefix_auto="1" extension_auto="1" />
				<Option working_dir="run" />
				<Option type="1" />
				<Option compiler="gcc" />
				<Linker>
					<Add option="-lssl" />
					<Add option="-lcrypto" />
					<Add option="-ldl" />
					<Add option="-lboost_system" />
					<Add option="-lboost_filesystem" />
					<Add option="-lboost_date_time" />
					<Add option="-lboost_timer" />
					<Add option="-lboost_thread" />
					<Add option="-lboost_log" />
					<Add option="-lboost_log_setup" />
					<Add option="-larchive" />
					<Add option="-lsqlite3" />
					<Add option="-lcryptopp" />
					<Add option="-lz" />
					<Add option="-lpthread" />
				</Linker>
			</Target>
			<Target title="mime_test">
				<Option platforms="Windows;Unix;" />
				<Option output="bin/tests/linux/mime/mime_test" prefix_auto="1" extension_auto="1" />
				<Option working_dir="run" />
				<Option type="1" />
				<Option compiler="gcc" />
				<Linker>
					<Add option="-lssl" />
					<Add option="-lcrypto" />
					<Add option="-ldl" />
					<Add option="-lboost_system" />
					<Add option="-lboost_filesystem" />
					<Add option="-lboost_date_time" />
					<Add option="-lboost_timer" />
					<Add option="-lboost_thread" />
					<Add option="-lboost_log" />
					<Add option="-lboost_log_setup" />
					<Add option="-larchive" />
					<Add option="-lsqlite3" />
					<Add option="-lcryptopp" />
					<Add option="-lz" />
					<Add option="-lpthread" />
				</Linker>
			</Target>
		</Build>
		<Compiler>
			<Add option="-Wall" />
			<Add option="-std=c++14" />
			<Add option="-fexceptions" />
			<Add directory="../../lib/zlib-1.2.11/" />
			<Add directory="../../lib/boost_1_65_1" />
			<Add directory="../../lib/libarchive/libarchive" />
			<Add directory="C:/projects/bv-backup/" />
			<Add directory="../../lib/sqlite-3.21.0" />
			<Add directory="../../lib/cryptopp565" />
			<Add directory="/usr/local/include" />
			<Add directory="/home/kyle/cpp/bv-backup/" />
			<Add directory="core" />
			<Add directory="../../lib/openssl-1.1.0e/include" />
			<Add directory="../../lib/rapidjson/include" />
			<Add directory="client" />
		</Compiler>
		<Linker>
			<Add directory="../../lib/zlib-1.2.11/lib" />
			<Add directory="../../lib/boost_1_65_1/stage/lib" />
			<Add directory="../../lib/libarchive/lib/libarchive" />
			<Add directory="../../lib/sqlite-3.21.0" />
			<Add directory="../../lib/cryptopp565/cryptopp/lib" />
			<Add directory="/usr/local/lib" />
			<Add directory="../../lib/openssl-1.1.0e/lib" />
		</Linker>
		<Unit filename="client/main.cpp">
			<Option target="win64-client-debug" />
			<Option target="win64-client" />
			<Option target="linux-client" />
		</Unit>
		<Unit filename="client/vessel_client.cpp">
			<Option target="win64-client-debug" />
			<Option target="win64-client" />
			<Option target="win64-client_test" />
			<Option target="linux-client_test" />
			<Option target="linux-client" />
			<Option target="linux-upload_test" />
			<Option target="win64-upload_test" />
			<Option target="linux-awsS3_test" />
		</Unit>
		<Unit filename="client/vessel_client.hpp">
			<Option target="win64-client-debug" />
			<Option target="win64-client" />
			<Option target="win64-client_test" />
			<Option target="linux-client_test" />
			<Option target="linux-client" />
			<Option target="linux-upload_test" />
			<Option target="win64-upload_test" />
			<Option target="linux-awsS3_test" />
		</Unit>
		<Unit filename="core/compress.cpp" />
		<Unit filename="core/compress.hpp" />
		<Unit filename="core/file.cpp">
			<Option target="win64-client" />
			<Option target="win64-client_test" />
			<Option target="linux-client_test" />
			<Option target="linux-client" />
			<Option target="linux-upload_test" />
			<Option target="win64-upload_test" />
			<Option target="linux-awsS3_test" />
			<Option target="mime_test" />
		</Unit>
		<Unit filename="core/file.hpp">
			<Option target="win64-client" />
			<Option target="win64-client_test" />
			<Option target="linux-client_test" />
			<Option target="linux-client" />
			<Option target="linux-upload_test" />
			<Option target="win64-upload_test" />
			<Option target="linux-awsS3_test" />
			<Option target="mime_test" />
		</Unit>
		<Unit filename="core/file_iterator.cpp">
			<Option target="win64-client-debug" />
			<Option target="win64-client" />
			<Option target="win64-compress_test" />
			<Option target="win64-tarball_test" />
			<Option target="win64-db_test" />
			<Option target="win64-file_test" />
			<Option target="win64-server" />
			<Option target="win64-client_test" />
			<Option target="win64-upload_test" />
			<Option target="linux-server" />
			<Option target="linux-client_test" />
			<Option target="linux-client" />
			<Option target="linux-upload_test" />
		</Unit>
		<Unit filename="core/file_iterator.hpp">
			<Option target="win64-client-debug" />
			<Option target="win64-client" />
			<Option target="win64-compress_test" />
			<Option target="win64-tarball_test" />
			<Option target="win64-db_test" />
			<Option target="win64-file_test" />
			<Option target="win64-server" />
			<Option target="win64-client_test" />
			<Option target="win64-upload_test" />
			<Option target="linux-server" />
			<Option target="linux-client_test" />
			<Option target="linux-client" />
			<Option target="linux-upload_test" />
		</Unit>
		<Unit filename="core/http_client.cpp">
			<Option target="linux-client_test" />
			<Option target="linux-client" />
			<Option target="linux-upload_test" />
			<Option target="linux-awsS3_test" />
		</Unit>
		<Unit filename="core/http_client.hpp">
			<Option target="linux-client_test" />
			<Option target="linux-client" />
			<Option target="linux-upload_test" />
			<Option target="linux-awsS3_test" />
		</Unit>
		<Unit filename="core/http_request.cpp">
			<Option target="win64-client" />
			<Option target="win64-client_test" />
			<Option target="linux-client_test" />
			<Option target="linux-client" />
			<Option target="linux-upload_test" />
			<Option target="win64-upload_test" />
			<Option target="linux-awsS3_test" />
		</Unit>
		<Unit filename="core/http_request.hpp">
			<Option target="win64-client" />
			<Option target="win64-client_test" />
			<Option target="linux-client_test" />
			<Option target="linux-client" />
			<Option target="linux-upload_test" />
			<Option target="win64-upload_test" />
			<Option target="linux-awsS3_test" />
		</Unit>
		<Unit filename="core/local_db.cpp" />
		<Unit filename="core/local_db.hpp" />
		<Unit filename="core/log.cpp" />
		<Unit filename="core/log.hpp" />
		<Unit filename="core/s3client.cpp">
			<Option target="linux-awsS3_test" />
		</Unit>
		<Unit filename="core/s3client.hpp">
			<Option target="linux-awsS3_test" />
		</Unit>
		<Unit filename="core/tarball.cpp">
			<Option target="win64-client-debug" />
			<Option target="win64-client" />
			<Option target="win64-compress_test" />
			<Option target="win64-tarball_test" />
			<Option target="win64-db_test" />
			<Option target="win64-file_test" />
			<Option target="win64-server" />
			<Option target="win64-client_test" />
			<Option target="win64-upload_test" />
			<Option target="linux-server" />
			<Option target="linux-client_test" />
			<Option target="linux-client" />
			<Option target="linux-upload_test" />
		</Unit>
		<Unit filename="core/tarball.hpp">
			<Option target="win64-client-debug" />
			<Option target="win64-client" />
			<Option target="win64-compress_test" />
			<Option target="win64-tarball_test" />
			<Option target="win64-db_test" />
			<Option target="win64-file_test" />
			<Option target="win64-server" />
			<Option target="win64-client_test" />
			<Option target="win64-upload_test" />
			<Option target="linux-server" />
			<Option target="linux-client_test" />
			<Option target="linux-client" />
			<Option target="linux-upload_test" />
		</Unit>
		<Unit filename="core/types.hpp">
			<Option target="win64-client-debug" />
			<Option target="win64-client" />
			<Option target="win64-compress_test" />
			<Option target="win64-tarball_test" />
			<Option target="win64-db_test" />
			<Option target="win64-file_test" />
			<Option target="win64-server" />
			<Option target="win64-client_test" />
			<Option target="win64-upload_test" />
			<Option target="linux-server" />
			<Option target="linux-client_test" />
			<Option target="linux-client" />
			<Option target="linux-upload_test" />
			<Option target="mime_test" />
		</Unit>
		<Unit filename="core/version.hpp">
			<Option target="win64-client" />
			<Option target="win64-client_test" />
			<Option target="linux-client_test" />
			<Option target="linux-client" />
			<Option target="linux-upload_test" />
			<Option target="win64-upload_test" />
			<Option target="mime_test" />
		</Unit>
		<Unit filename="tests/client/client_test.cpp">
			<Option target="win64-client_test" />
			<Option target="linux-client_test" />
		</Unit>
		<Unit filename="tests/client/s3upload_test.cpp">
			<Option target="linux-awsS3_test" />
		</Unit>
		<Unit filename="tests/client/upload_test.cpp">
			<Option target="linux-upload_test" />
			<Option target="win64-upload_test" />
		</Unit>
		<Unit filename="tests/compression/compress_test.cpp">
			<Option virtualFolder="Tests/" />
			<Option target="win64-compress_test" />
		</Unit>
		<Unit filename="tests/db/db_test.cpp">
			<Option virtualFolder="Tests/" />
			<Option target="win64-db_test" />
		</Unit>
		<Unit filename="tests/file_iterator/file_test.cpp">
			<Option virtualFolder="Tests/" />
			<Option target="win64-file_test" />
		</Unit>
		<Unit filename="tests/mime/mime.cpp">
			<Option target="mime_test" />
		</Unit>
		<Unit filename="tests/tarball/tarball_test.cpp">
			<Option virtualFolder="Tests/" />
			<Option target="win64-tarball_test" />
		</Unit>
		<Extensions>
			<code_completion />
			<envvars />
			<debugger />
			<lib_finder disable_auto="1" />
			<AutoVersioning>
				<Scheme minor_max="10" build_max="0" rev_max="0" rev_rand_max="10" build_times_to_increment_minor="100" />
				<Settings autoincrement="1" date_declarations="1" use_define="0" update_manifest="1" do_auto_increment="0" ask_to_increment="0" language="C++" svn="0" svn_directory="" header_path="core/version.hpp" />
				<Changes_Log show_changes_editor="0" app_title="released version %M.%m.%b of %p" changeslog_path="ChangesLog.txt" />
				<Code header_guard="VERSION_H" namespace="Backup::Version" prefix="" />
			</AutoVersioning>
		</Extensions>
	</Project>
</CodeBlocks_project_file>
