<?xml version="1.0" encoding="UTF-8" standalone="yes" ?>
<CodeBlocks_project_file>
	<FileVersion major="1" minor="6" />
	<Project>
		<Option title="backup_enterprise" />
		<Option pch_mode="2" />
		<Option compiler="gcc" />
		<Option virtualFolders="Tests\;" />
		<Build>
			<Target title="Debug">
				<Option output="bin/Debug/backup_enterprise" prefix_auto="1" extension_auto="1" />
				<Option object_output="obj/Debug/" />
				<Option type="1" />
				<Option compiler="gcc" />
				<Compiler>
					<Add option="-g" />
				</Compiler>
			</Target>
			<Target title="Release">
				<Option output="bin/Release/backup_enterprise" prefix_auto="1" extension_auto="1" />
				<Option object_output="obj/Release/" />
				<Option type="1" />
				<Option compiler="gcc" />
				<Compiler>
					<Add option="-O2" />
				</Compiler>
				<Linker>
					<Add option="-s" />
				</Linker>
			</Target>
			<Target title="compress_test">
				<Option output="tests/compression/compress_test" prefix_auto="1" extension_auto="1" />
				<Option working_dir="tests/compression" />
				<Option type="1" />
				<Option compiler="gcc" />
			</Target>
			<Target title="tarball_test">
				<Option output="tests/tarball/tarball_test" prefix_auto="1" extension_auto="1" />
				<Option working_dir="tests/tarball" />
				<Option type="1" />
				<Option compiler="gcc" />
			</Target>
			<Target title="db_test">
				<Option output="tests/db/db_test" prefix_auto="1" extension_auto="1" />
				<Option working_dir="tests/db" />
				<Option type="1" />
				<Option compiler="gcc" />
			</Target>
			<Target title="file_test">
				<Option output="tests/file_iterator/file_test" prefix_auto="1" extension_auto="1" />
				<Option working_dir="tests/file_iterator" />
				<Option type="1" />
				<Option compiler="gcc" />
			</Target>
			<Target title="Server">
				<Option output="backup_server" prefix_auto="1" extension_auto="1" />
				<Option working_dir="server" />
				<Option type="1" />
				<Option compiler="gcc" />
			</Target>
			<Target title="client_test">
				<Option output="client_test" prefix_auto="1" extension_auto="1" />
				<Option type="1" />
				<Option compiler="gcc" />
			</Target>
		</Build>
		<Compiler>
			<Add option="-Wall" />
			<Add option="-std=c++14" />
			<Add option="-fexceptions" />
			<Add directory="../../lib/zlib-1.2.11/" />
			<Add directory="../../lib/boost_1_65_1" />
			<Add directory="../../lib/libarchive/libarchive" />
			<Add directory="C:/projects/bv-backup/" />
			<Add directory="../../lib/sqlite-3.21.0" />
			<Add directory="../../lib/cryptopp565" />
		</Compiler>
		<Linker>
			<Add option="-lboost_system-mgw72-mt-1_65_1" />
			<Add option="-lboost_filesystem-mgw72-mt-1_65_1" />
			<Add option="-lboost_date_time-mgw72-mt-1_65_1" />
			<Add option="-lboost_thread-mgw72-mt-1_65_1" />
			<Add option="-lboost_log-mgw72-mt-1_65_1" />
			<Add option="-lboost_log_setup-mgw72-mt-1_65_1" />
			<Add option="-larchive.dll" />
			<Add option="-lsqlite3_dll" />
			<Add option="-lcryptopp" />
			<Add option="-lws2_32" />
			<Add option="-lwsock32" />
			<Add library="../../lib/zlib-1.2.11/lib/libz.dll.a" />
			<Add directory="../../lib/zlib-1.2.11/lib" />
			<Add directory="../../lib/boost_1_65_1/stage/lib" />
			<Add directory="../../lib/libarchive/lib/libarchive" />
			<Add directory="../../lib/sqlite-3.21.0" />
			<Add directory="../../lib/cryptopp565" />
		</Linker>
		<Unit filename="client.cpp">
			<Option target="Debug" />
			<Option target="Release" />
			<Option target="client_test" />
		</Unit>
		<Unit filename="client.hpp">
			<Option target="Debug" />
			<Option target="Release" />
			<Option target="client_test" />
		</Unit>
		<Unit filename="compress.cpp">
			<Option target="Debug" />
			<Option target="Release" />
			<Option target="compress_test" />
			<Option target="tarball_test" />
		</Unit>
		<Unit filename="compress.hpp">
			<Option target="Debug" />
			<Option target="Release" />
			<Option target="compress_test" />
			<Option target="tarball_test" />
		</Unit>
		<Unit filename="file_iterator.cpp">
			<Option target="Debug" />
			<Option target="Release" />
			<Option target="file_test" />
		</Unit>
		<Unit filename="file_iterator.hpp">
			<Option target="Debug" />
			<Option target="Release" />
			<Option target="file_test" />
		</Unit>
		<Unit filename="local_db.cpp">
			<Option target="Debug" />
			<Option target="Release" />
			<Option target="db_test" />
			<Option target="file_test" />
		</Unit>
		<Unit filename="local_db.hpp">
			<Option target="Debug" />
			<Option target="Release" />
			<Option target="db_test" />
			<Option target="file_test" />
		</Unit>
		<Unit filename="log.cpp">
			<Option target="Debug" />
			<Option target="Release" />
			<Option target="compress_test" />
			<Option target="tarball_test" />
			<Option target="db_test" />
			<Option target="file_test" />
		</Unit>
		<Unit filename="log.hpp">
			<Option target="Debug" />
			<Option target="Release" />
			<Option target="compress_test" />
			<Option target="tarball_test" />
			<Option target="db_test" />
			<Option target="file_test" />
		</Unit>
		<Unit filename="main.cpp">
			<Option target="Debug" />
			<Option target="Release" />
		</Unit>
		<Unit filename="server/connection.cpp">
			<Option target="Server" />
		</Unit>
		<Unit filename="server/connection.hpp">
			<Option target="Server" />
		</Unit>
		<Unit filename="server/main.cpp">
			<Option target="Server" />
		</Unit>
		<Unit filename="server/server.cpp">
			<Option target="Server" />
		</Unit>
		<Unit filename="server/server.hpp">
			<Option target="Server" />
		</Unit>
		<Unit filename="tarball.cpp">
			<Option target="Debug" />
			<Option target="Release" />
			<Option target="compress_test" />
			<Option target="tarball_test" />
		</Unit>
		<Unit filename="tarball.hpp">
			<Option target="Debug" />
			<Option target="Release" />
			<Option target="compress_test" />
			<Option target="tarball_test" />
		</Unit>
		<Unit filename="tests/client/client_test.cpp">
			<Option target="client_test" />
		</Unit>
		<Unit filename="tests/compression/compress_test.cpp">
			<Option virtualFolder="Tests/" />
			<Option target="compress_test" />
		</Unit>
		<Unit filename="tests/db/db_test.cpp">
			<Option virtualFolder="Tests/" />
			<Option target="db_test" />
		</Unit>
		<Unit filename="tests/file_iterator/file_test.cpp">
			<Option virtualFolder="Tests/" />
			<Option target="file_test" />
		</Unit>
		<Unit filename="tests/tarball/tarball_test.cpp">
			<Option virtualFolder="Tests/" />
			<Option target="tarball_test" />
		</Unit>
		<Unit filename="types.hpp">
			<Option target="Debug" />
			<Option target="Release" />
			<Option target="compress_test" />
			<Option target="tarball_test" />
			<Option target="db_test" />
			<Option target="file_test" />
		</Unit>
		<Extensions>
			<code_completion />
			<envvars />
			<debugger />
			<lib_finder disable_auto="1" />
		</Extensions>
	</Project>
</CodeBlocks_project_file>
